Microsoft Visual Studio Solution File, Format Version 12.00
# Visual Studio Version 17
VisualStudioVersion = 17.11.35222.181
MinimumVisualStudioVersion = 16.0.0.0
Project("{9A19103F-16F7-4668-BE54-9A1E7A4F7556}") = "AgileToolbox", "AgileToolbox\AgileToolbox.csproj", "{887F84A2-496A-4958-8593-324311E931F5}"
EndProject
Project("{9A19103F-16F7-4668-BE54-9A1E7A4F7556}") = "AgileToolbox.Client", "AgileToolbox.Client\AgileToolbox.Client.csproj", "{99C798B7-5F6A-45CE-90BA-834E9EA74E2A}"
EndProject
Global
	GlobalSection(SolutionConfigurationPlatforms) = preSolution
		Debug|Any CPU = Debug|Any CPU
		Debug|x64 = Debug|x64
		Debug|x86 = Debug|x86
		Release|Any CPU = Release|Any CPU
		Release|x64 = Release|x64
		Release|x86 = Release|x86
	EndGlobalSection
	GlobalSection(ProjectConfigurationPlatforms) = postSolution
		{887F84A2-496A-4958-8593-324311E931F5}.Debug|Any CPU.ActiveCfg = Debug|Any CPU
		{887F84A2-496A-4958-8593-324311E931F5}.Debug|Any CPU.Build.0 = Debug|Any CPU
		{887F84A2-496A-4958-8593-324311E931F5}.Debug|x64.ActiveCfg = Debug|Any CPU
		{887F84A2-496A-4958-8593-324311E931F5}.Debug|x64.Build.0 = Debug|Any CPU
		{887F84A2-496A-4958-8593-324311E931F5}.Debug|x86.ActiveCfg = Debug|Any CPU
		{887F84A2-496A-4958-8593-324311E931F5}.Debug|x86.Build.0 = Debug|Any CPU
		{887F84A2-496A-4958-8593-324311E931F5}.Release|Any CPU.ActiveCfg = Release|Any CPU
		{887F84A2-496A-4958-8593-324311E931F5}.Release|Any CPU.Build.0 = Release|Any CPU
		{887F84A2-496A-4958-8593-324311E931F5}.Release|x64.ActiveCfg = Release|Any CPU
		{887F84A2-496A-4958-8593-324311E931F5}.Release|x64.Build.0 = Release|Any CPU
		{887F84A2-496A-4958-8593-324311E931F5}.Release|x86.ActiveCfg = Release|Any CPU
		{887F84A2-496A-4958-8593-324311E931F5}.Release|x86.Build.0 = Release|Any CPU
		{99C798B7-5F6A-45CE-90BA-834E9EA74E2A}.Debug|Any CPU.ActiveCfg = Debug|Any CPU
		{99C798B7-5F6A-45CE-90BA-834E9EA74E2A}.Debug|Any CPU.Build.0 = Debug|Any CPU
		{99C798B7-5F6A-45CE-90BA-834E9EA74E2A}.Debug|x64.ActiveCfg = Debug|Any CPU
		{99C798B7-5F6A-45CE-90BA-834E9EA74E2A}.Debug|x64.Build.0 = Debug|Any CPU
		{99C798B7-5F6A-45CE-90BA-834E9EA74E2A}.Debug|x86.ActiveCfg = Debug|Any CPU
		{99C798B7-5F6A-45CE-90BA-834E9EA74E2A}.Debug|x86.Build.0 = Debug|Any CPU
		{99C798B7-5F6A-45CE-90BA-834E9EA74E2A}.Release|Any CPU.ActiveCfg = Release|Any CPU
		{99C798B7-5F6A-45CE-90BA-834E9EA74E2A}.Release|Any CPU.Build.0 = Release|Any CPU
		{99C798B7-5F6A-45CE-90BA-834E9EA74E2A}.Release|x64.ActiveCfg = Release|Any CPU
		{99C798B7-5F6A-45CE-90BA-834E9EA74E2A}.Release|x64.Build.0 = Release|Any CPU
		{99C798B7-5F6A-45CE-90BA-834E9EA74E2A}.Release|x86.ActiveCfg = Release|Any CPU
		{99C798B7-5F6A-45CE-90BA-834E9EA74E2A}.Release|x86.Build.0 = Release|Any CPU
	EndGlobalSection
	GlobalSection(SolutionProperties) = preSolution
		HideSolutionNode = FALSE
	EndGlobalSection
	GlobalSection(ExtensibilityGlobals) = postSolution
		SolutionGuid = {B36B45C6-8387-40C1-9B88-B2DAD8162DD9}
	EndGlobalSection
EndGlobal
